
Microsoft Visual Studio Solution File, Format Version 12.00
# Visual Studio 14
VisualStudioVersion = 14.0.23107.0
MinimumVisualStudioVersion = 10.0.40219.1
Project("{FAE04EC0-301F-11D3-BF4B-00C04F79EFBC}") = "GWFormBuilder", "GWFormBuilder\GWFormBuilder.csproj", "{7BB7D840-EE47-4B65-90C9-C2533E9239D4}"
EndProject
Project("{FAE04EC0-301F-11D3-BF4B-00C04F79EFBC}") = "GWFormBuilder.Tests", "GWFormBuilder.Tests\GWFormBuilder.Tests.csproj", "{08E251DB-FBE1-4259-AED6-54364951CFA1}"
EndProject
Global
	GlobalSection(SolutionConfigurationPlatforms) = preSolution
		Debug|Any CPU = Debug|Any CPU
		Release|Any CPU = Release|Any CPU
	EndGlobalSection
	GlobalSection(ProjectConfigurationPlatforms) = postSolution
		{7BB7D840-EE47-4B65-90C9-C2533E9239D4}.Debug|Any CPU.ActiveCfg = Debug|Any CPU
		{7BB7D840-EE47-4B65-90C9-C2533E9239D4}.Debug|Any CPU.Build.0 = Debug|Any CPU
		{7BB7D840-EE47-4B65-90C9-C2533E9239D4}.Release|Any CPU.ActiveCfg = Release|Any CPU
		{7BB7D840-EE47-4B65-90C9-C2533E9239D4}.Release|Any CPU.Build.0 = Release|Any CPU
		{08E251DB-FBE1-4259-AED6-54364951CFA1}.Debug|Any CPU.ActiveCfg = Debug|Any CPU
		{08E251DB-FBE1-4259-AED6-54364951CFA1}.Debug|Any CPU.Build.0 = Debug|Any CPU
		{08E251DB-FBE1-4259-AED6-54364951CFA1}.Release|Any CPU.ActiveCfg = Release|Any CPU
		{08E251DB-FBE1-4259-AED6-54364951CFA1}.Release|Any CPU.Build.0 = Release|Any CPU
	EndGlobalSection
	GlobalSection(SolutionProperties) = preSolution
		HideSolutionNode = FALSE
	EndGlobalSection
EndGlobal
